# THIS IS AN AUTOGENERATED FILE. DO NOT EDIT THIS FILE DIRECTLY.
# yarn lockfile v1


"@playwright/test@^1.44.0":
  version "1.44.0"
  resolved "https://registry.npmjs.org/@playwright/test/-/test-1.44.0.tgz"
  integrity sha512-rNX5lbNidamSUorBhB4XZ9SQTjAqfe5M+p37Z8ic0jPFBMo5iCtQz1kRWkEMg+rYOKSlVycpQmpqjSFq7LXOfg==
  dependencies:
    playwright "1.44.0"

"@types/node@^20.12.11":
  version "20.12.11"
  resolved "https://registry.npmjs.org/@types/node/-/node-20.12.11.tgz"
  integrity sha512-vDg9PZ/zi+Nqp6boSOT7plNuthRugEKixDv5sFTIpkE89MmNtEArAShI4mxuX2+UrLEe9pxC1vm2cjm9YlWbJw==
  dependencies:
    undici-types "~5.26.4"

fsevents@2.3.2:
  version "2.3.2"
  resolved "https://registry.npmjs.org/fsevents/-/fsevents-2.3.2.tgz"
  integrity sha512-xiqMQR4xAeHTuB9uWm+fFRcIOgKBMiOBP+eXiyT7jsgVCq1bkVygt00oASowB7EdtpOHaaPgKt812P9ab+DDKA==

mkdirp@^1.0.4:
  version "1.0.4"
  resolved "https://registry.npmjs.org/mkdirp/-/mkdirp-1.0.4.tgz"
  integrity sha512-vVqVZQyf3WLx2Shd0qJ9xuvqgAyKPLAiqITEtqW0oIUjzo3PePDd6fW9iFz30ef7Ysp/oiWqbhszeGWW2T6Gzw==

playwright-core@1.44.0:
  version "1.44.0"
  resolved "https://registry.npmjs.org/playwright-core/-/playwright-core-1.44.0.tgz"
  integrity sha512-ZTbkNpFfYcGWohvTTl+xewITm7EOuqIqex0c7dNZ+aXsbrLj0qI8XlGKfPpipjm0Wny/4Lt4CJsWJk1stVS5qQ==

playwright-ctrf-json-reporter@^0.0.12:
  version "0.0.12"
  resolved "https://registry.npmjs.org/playwright-ctrf-json-reporter/-/playwright-ctrf-json-reporter-0.0.12.tgz"
  integrity sha512-FddixVuUp8xQlHQTNCMajjS3jmez14ilgE8KSprxqX/Vt6IIZaZ/O3n5sxryg/CW/k5n/oTrgSyAKqt8U/tukw==

playwright@^1.44.0, playwright@1.44.0:
  version "1.44.0"
  resolved "https://registry.npmjs.org/playwright/-/playwright-1.44.0.tgz"
  integrity sha512-F9b3GUCLQ3Nffrfb6dunPOkE5Mh68tR7zN32L4jCk4FjQamgesGay7/dAAe1WaMEGV04DkdJfcJzjoCKygUaRQ==
  dependencies:
    playwright-core "1.44.0"
  optionalDependencies:
    fsevents "2.3.2"

properties-parser@^0.6.0:
  version "0.6.0"
  resolved "https://registry.npmjs.org/properties-parser/-/properties-parser-0.6.0.tgz"
  integrity sha512-qvr2cSmoA0dln0MARAKwBzPkkXn7FqwX+RVVNpMdMJc7rt9mqO2cXwluxtux9fHrLhjnPFaQkS8BM0kFrTCnSw==

properties-reader@^2.3.0:
  version "2.3.0"
  resolved "https://registry.npmjs.org/properties-reader/-/properties-reader-2.3.0.tgz"
  integrity sha512-z597WicA7nDZxK12kZqHr2TcvwNU1GCfA5UwfDY/HDp3hXPoPlb5rlEx9bwGTiJnc0OqbBTkU975jDToth8Gxw==
  dependencies:
    mkdirp "^1.0.4"

typescript@^5.4.5:
  version "5.4.5"
  resolved "https://registry.npmjs.org/typescript/-/typescript-5.4.5.tgz"
  integrity sha512-vcI4UpRgg81oIRUFwR0WSIHKt11nJ7SAVlYNIu+QpqeyXP+gpQJy/Z4+F0aGxSE4MqwjyXvW/TzgkLAx2AGHwQ==

undici-types@~5.26.4:
  version "5.26.5"
  resolved "https://registry.npmjs.org/undici-types/-/undici-types-5.26.5.tgz"
  integrity sha512-JlCMO+ehdEIKqlFxk6IfVoAUVmgz7cU7zD/h9XZ0qzeosSHmUJVOzSQvvYSYWXkFXC+IfLKSIffhv0sVZup6pA==
